
Microsoft Visual Studio Solution File, Format Version 12.00
# Visual Studio Version 18
VisualStudioVersion = 18.6.11822.322 stable
MinimumVisualStudioVersion = 10.0.40219.1
Project("{F184B08F-C81C-45F6-A57F-5ABD9991F28F}") = "projeto_concessionaria", "projeto_concessionaria.vbproj", "{4AC5B7D5-80D6-45AC-BF84-4911136AFDB2}"
EndProject
Global
	GlobalSection(SolutionConfigurationPlatforms) = preSolution
		Debug|Any CPU = Debug|Any CPU
		Release|Any CPU = Release|Any CPU
	EndGlobalSection
	GlobalSection(ProjectConfigurationPlatforms) = postSolution
		{4AC5B7D5-80D6-45AC-BF84-4911136AFDB2}.Debug|Any CPU.ActiveCfg = Debug|Any CPU
		{4AC5B7D5-80D6-45AC-BF84-4911136AFDB2}.Debug|Any CPU.Build.0 = Debug|Any CPU
		{4AC5B7D5-80D6-45AC-BF84-4911136AFDB2}.Release|Any CPU.ActiveCfg = Release|Any CPU
		{4AC5B7D5-80D6-45AC-BF84-4911136AFDB2}.Release|Any CPU.Build.0 = Release|Any CPU
	EndGlobalSection
	GlobalSection(SolutionProperties) = preSolution
		HideSolutionNode = FALSE
	EndGlobalSection
	GlobalSection(ExtensibilityGlobals) = postSolution
		SolutionGuid = {F70A120C-D2F4-4C27-B904-34A7DC63F544}
	EndGlobalSection
EndGlobal
